# This file is autogenerated, do not edit; changes may be undone by the next 'dep ensure'.


[[projects]]
  digest = "1:019333fa267ea5a20a8638bb19b33f63d092a9c6c0446f3df56c563ad55ab491"
  name = "github.com/soniakeys/quant"
  packages = [
    ".",
    "internal",
    "median",
  ]
  pruneopts = "UT"
  revision = "0a3861b3bd925b434c67c93a15633ced8475092d"
  version = "v1.0.0"

[[projects]]
  digest = "1:3261a88df0ef9f1cfaa7cdd7f95bb6e86c8b45dbe76a17a0a43dcfc00e72d621"
  name = "gopkg.in/gographics/imagick.v3"
  packages = [
    "imagick",
    "imagick/types",
  ]
  pruneopts = "UT"
  revision = "e5c95c340c8d9bf140ca670563906805b655d9d9"
  version = "v3.2.0"

[solve-meta]
  analyzer-name = "dep"
  analyzer-version = 1
  input-imports = [
    "github.com/soniakeys/quant/median",
    "gopkg.in/gographics/imagick.v3/imagick",
  ]
  solver-name = "gps-cdcl"
  solver-version = 1
